// !$*UTF8*$!
{
	archiveVersion = 1;
	classes = {
	};
	objectVersion = 46;
	objects = {

/* Begin PBXBuildFile section */
		41ED8D671B922866005FE666 /* main.m in Sources */ = {isa = PBXBuildFile; fileRef = 41ED8D661B922866005FE666 /* main.m */; };
		41ED8D6A1B922866005FE666 /* AppDelegate.m in Sources */ = {isa = PBXBuildFile; fileRef = 41ED8D691B922866005FE666 /* AppDelegate.m */; };
		41ED8D6D1B922866005FE666 /* MasterViewController.m in Sources */ = {isa = PBXBuildFile; fileRef = 41ED8D6C1B922866005FE666 /* MasterViewController.m */; };
		41ED8D701B922866005FE666 /* DetailViewController.m in Sources */ = {isa = PBXBuildFile; fileRef = 41ED8D6F1B922866005FE666 /* DetailViewController.m */; };
		41ED8D731B922866005FE666 /* Main.storyboard in Resources */ = {isa = PBXBuildFile; fileRef = 41ED8D711B922866005FE666 /* Main.storyboard */; };
		41ED8D751B922866005FE666 /* Images.xcassets in Resources */ = {isa = PBXBuildFile; fileRef = 41ED8D741B922866005FE666 /* Images.xcassets */; };
		41ED8D781B922866005FE666 /* LaunchScreen.xib in Resources */ = {isa = PBXBuildFile; fileRef = 41ED8D761B922866005FE666 /* LaunchScreen.xib */; };
		41ED8D841B922867005FE666 /* NotesAppTests.m in Sources */ = {isa = PBXBuildFile; fileRef = 41ED8D831B922867005FE666 /* NotesAppTests.m */; };
/* End PBXBuildFile section */

/* Begin PBXContainerItemProxy section */
		41ED8D7E1B922867005FE666 /* PBXContainerItemProxy */ = {
			isa = PBXContainerItemProxy;
			containerPortal = 41ED8D591B922866005FE666 /* Project object */;
			proxyType = 1;
			remoteGlobalIDString = 41ED8D601B922866005FE666;
			remoteInfo = NotesApp;
		};
/* End PBXContainerItemProxy section */

/* Begin PBXFileReference section */
		41ED8D611B922866005FE666 /* NotesApp.app */ = {isa = PBXFileReference; explicitFileType = wrapper.application; includeInIndex = 0; path = NotesApp.app; sourceTree = BUILT_PRODUCTS_DIR; };
		41ED8D651B922866005FE666 /* Info.plist */ = {isa = PBXFileReference; lastKnownFileType = text.plist.xml; path = Info.plist; sourceTree = "<group>"; };
		41ED8D661B922866005FE666 /* main.m */ = {isa = PBXFileReference; lastKnownFileType = sourcecode.c.objc; path = main.m; sourceTree = "<group>"; };
		41ED8D681B922866005FE666 /* AppDelegate.h */ = {isa = PBXFileReference; lastKnownFileType = sourcecode.c.h; path = AppDelegate.h; sourceTree = "<group>"; };
		41ED8D691B922866005FE666 /* AppDelegate.m */ = {isa = PBXFileReference; lastKnownFileType = sourcecode.c.objc; path = AppDelegate.m; sourceTree = "<group>"; };
		41ED8D6B1B922866005FE666 /* MasterViewController.h */ = {isa = PBXFileReference; lastKnownFileType = sourcecode.c.h; path = MasterViewController.h; sourceTree = "<group>"; };
		41ED8D6C1B922866005FE666 /* MasterViewController.m */ = {isa = PBXFileReference; lastKnownFileType = sourcecode.c.objc; path = MasterViewController.m; sourceTree = "<group>"; };
		41ED8D6E1B922866005FE666 /* DetailViewController.h */ = {isa = PBXFileReference; lastKnownFileType = sourcecode.c.h; path = DetailViewController.h; sourceTree = "<group>"; };
		41ED8D6F1B922866005FE666 /* DetailViewController.m */ = {isa = PBXFileReference; lastKnownFileType = sourcecode.c.objc; path = DetailViewController.m; sourceTree = "<group>"; };
		41ED8D721B922866005FE666 /* Base */ = {isa = PBXFileReference; lastKnownFileType = file.storyboard; name = Base; path = Base.lproj/Main.storyboard; sourceTree = "<group>"; };
		41ED8D741B922866005FE666 /* Images.xcassets */ = {isa = PBXFileReference; lastKnownFileType = folder.assetcatalog; path = Images.xcassets; sourceTree = "<group>"; };
		41ED8D771B922866005FE666 /* Base */ = {isa = PBXFileReference; lastKnownFileType = file.xib; name = Base; path = Base.lproj/LaunchScreen.xib; sourceTree = "<group>"; };
		41ED8D7D1B922867005FE666 /* NotesAppTests.xctest */ = {isa = PBXFileReference; explicitFileType = wrapper.cfbundle; includeInIndex = 0; path = NotesAppTests.xctest; sourceTree = BUILT_PRODUCTS_DIR; };
		41ED8D821B922867005FE666 /* Info.plist */ = {isa = PBXFileReference; lastKnownFileType = text.plist.xml; path = Info.plist; sourceTree = "<group>"; };
		41ED8D831B922867005FE666 /* NotesAppTests.m */ = {isa = PBXFileReference; lastKnownFileType = sourcecode.c.objc; path = NotesAppTests.m; sourceTree = "<group>"; };
/* End PBXFileReference section */

/* Begin PBXFrameworksBuildPhase section */
		41ED8D5E1B922866005FE666 /* Frameworks */ = {
			isa = PBXFrameworksBuildPhase;
			buildActionMask = 2147483647;
			files = (
			);
			runOnlyForDeploymentPostprocessing = 0;
		};
		41ED8D7A1B922867005FE666 /* Frameworks */ = {
			isa = PBXFrameworksBuildPhase;
			buildActionMask = 2147483647;
			files = (
			);
			runOnlyForDeploymentPostprocessing = 0;
		};
/* End PBXFrameworksBuildPhase section */

/* Begin PBXGroup section */
		41ED8D581B922866005FE666 = {
			isa = PBXGroup;
			children = (
				41ED8D631B922866005FE666 /* NotesApp */,
				41ED8D801B922867005FE666 /* NotesAppTests */,
				41ED8D621B922866005FE666 /* Products */,
			);
			sourceTree = "<group>";
		};
		41ED8D621B922866005FE666 /* Products */ = {
			isa = PBXGroup;
			children = (
				41ED8D611B922866005FE666 /* NotesApp.app */,
				41ED8D7D1B922867005FE666 /* NotesAppTests.xctest */,
			);
			name = Products;
			sourceTree = "<group>";
		};
		41ED8D631B922866005FE666 /* NotesApp */ = {
			isa = PBXGroup;
			children = (
				41ED8D681B922866005FE666 /* AppDelegate.h */,
				41ED8D691B922866005FE666 /* AppDelegate.m */,
				41ED8D6B1B922866005FE666 /* MasterViewController.h */,
				41ED8D6C1B922866005FE666 /* MasterViewController.m */,
				41ED8D6E1B922866005FE666 /* DetailViewController.h */,
				41ED8D6F1B922866005FE666 /* DetailViewController.m */,
				41ED8D711B922866005FE666 /* Main.storyboard */,
				41ED8D741B922866005FE666 /* Images.xcassets */,
				41ED8D761B922866005FE666 /* LaunchScreen.xib */,
				41ED8D641B922866005FE666 /* Supporting Files */,
			);
			path = NotesApp;
			sourceTree = "<group>";
		};
		41ED8D641B922866005FE666 /* Supporting Files */ = {
			isa = PBXGroup;
			children = (
				41ED8D651B922866005FE666 /* Info.plist */,
				41ED8D661B922866005FE666 /* main.m */,
			);
			name = "Supporting Files";
			sourceTree = "<group>";
		};
		41ED8D801B922867005FE666 /* NotesAppTests */ = {
			isa = PBXGroup;
			children = (
				41ED8D831B922867005FE666 /* NotesAppTests.m */,
				41ED8D811B922867005FE666 /* Supporting Files */,
			);
			path = NotesAppTests;
			sourceTree = "<group>";
		};
		41ED8D811B922867005FE666 /* Supporting Files */ = {
			isa = PBXGroup;
			children = (
				41ED8D821B922867005FE666 /* Info.plist */,
			);
			name = "Supporting Files";
			sourceTree = "<group>";
		};
/* End PBXGroup section */

/* Begin PBXNativeTarget section */
		41ED8D601B922866005FE666 /* NotesApp */ = {
			isa = PBXNativeTarget;
			buildConfigurationList = 41ED8D871B922867005FE666 /* Build configuration list for PBXNativeTarget "NotesApp" */;
			buildPhases = (
				41ED8D5D1B922866005FE666 /* Sources */,
				41ED8D5E1B922866005FE666 /* Frameworks */,
				41ED8D5F1B922866005FE666 /* Resources */,
			);
			buildRules = (
			);
			dependencies = (
			);
			name = NotesApp;
			productName = NotesApp;
			productReference = 41ED8D611B922866005FE666 /* NotesApp.app */;
			productType = "com.apple.product-type.application";
		};
		41ED8D7C1B922867005FE666 /* NotesAppTests */ = {
			isa = PBXNativeTarget;
			buildConfigurationList = 41ED8D8A1B922867005FE666 /* Build configuration list for PBXNativeTarget "NotesAppTests" */;
			buildPhases = (
				41ED8D791B922867005FE666 /* Sources */,
				41ED8D7A1B922867005FE666 /* Frameworks */,
				41ED8D7B1B922867005FE666 /* Resources */,
			);
			buildRules = (
			);
			dependencies = (
				41ED8D7F1B922867005FE666 /* PBXTargetDependency */,
			);
			name = NotesAppTests;
			productName = NotesAppTests;
			productReference = 41ED8D7D1B922867005FE666 /* NotesAppTests.xctest */;
			productType = "com.apple.product-type.bundle.unit-test";
		};
/* End PBXNativeTarget section */

/* Begin PBXProject section */
		41ED8D591B922866005FE666 /* Project object */ = {
			isa = PBXProject;
			attributes = {
				LastUpgradeCheck = 0640;
				ORGANIZATIONNAME = "Ryniere S Silva";
				TargetAttributes = {
					41ED8D601B922866005FE666 = {
						CreatedOnToolsVersion = 6.4;
					};
					41ED8D7C1B922867005FE666 = {
						CreatedOnToolsVersion = 6.4;
						TestTargetID = 41ED8D601B922866005FE666;
					};
				};
			};
			buildConfigurationList = 41ED8D5C1B922866005FE666 /* Build configuration list for PBXProject "NotesApp" */;
			compatibilityVersion = "Xcode 3.2";
			developmentRegion = English;
			hasScannedForEncodings = 0;
			knownRegions = (
				en,
				Base,
			);
			mainGroup = 41ED8D581B922866005FE666;
			productRefGroup = 41ED8D621B922866005FE666 /* Products */;
			projectDirPath = "";
			projectRoot = "";
			targets = (
				41ED8D601B922866005FE666 /* NotesApp */,
				41ED8D7C1B922867005FE666 /* NotesAppTests */,
			);
		};
/* End PBXProject section */

/* Begin PBXResourcesBuildPhase section */
		41ED8D5F1B922866005FE666 /* Resources */ = {
			isa = PBXResourcesBuildPhase;
			buildActionMask = 2147483647;
			files = (
				41ED8D731B922866005FE666 /* Main.storyboard in Resources */,
				41ED8D781B922866005FE666 /* LaunchScreen.xib in Resources */,
				41ED8D751B922866005FE666 /* Images.xcassets in Resources */,
			);
			runOnlyForDeploymentPostprocessing = 0;
		};
		41ED8D7B1B922867005FE666 /* Resources */ = {
			isa = PBXResourcesBuildPhase;
			buildActionMask = 2147483647;
			files = (
			);
			runOnlyForDeploymentPostprocessing = 0;
		};
/* End PBXResourcesBuildPhase section */

/* Begin PBXSourcesBuildPhase section */
		41ED8D5D1B922866005FE666 /* Sources */ = {
			isa = PBXSourcesBuildPhase;
			buildActionMask = 2147483647;
			files = (
				41ED8D6A1B922866005FE666 /* AppDelegate.m in Sources */,
				41ED8D6D1B922866005FE666 /* MasterViewController.m in Sources */,
				41ED8D671B922866005FE666 /* main.m in Sources */,
				41ED8D701B922866005FE666 /* DetailViewController.m in Sources */,
			);
			runOnlyForDeploymentPostprocessing = 0;
		};
		41ED8D791B922867005FE666 /* Sources */ = {
			isa = PBXSourcesBuildPhase;
			buildActionMask = 2147483647;
			files = (
				41ED8D841B922867005FE666 /* NotesAppTests.m in Sources */,
			);
			runOnlyForDeploymentPostprocessing = 0;
		};
/* End PBXSourcesBuildPhase section */

/* Begin PBXTargetDependency section */
		41ED8D7F1B922867005FE666 /* PBXTargetDependency */ = {
			isa = PBXTargetDependency;
			target = 41ED8D601B922866005FE666 /* NotesApp */;
			targetProxy = 41ED8D7E1B922867005FE666 /* PBXContainerItemProxy */;
		};
/* End PBXTargetDependency section */

/* Begin PBXVariantGroup section */
		41ED8D711B922866005FE666 /* Main.storyboard */ = {
			isa = PBXVariantGroup;
			children = (
				41ED8D721B922866005FE666 /* Base */,
			);
			name = Main.storyboard;
			sourceTree = "<group>";
		};
		41ED8D761B922866005FE666 /* LaunchScreen.xib */ = {
			isa = PBXVariantGroup;
			children = (
				41ED8D771B922866005FE666 /* Base */,
			);
			name = LaunchScreen.xib;
			sourceTree = "<group>";
		};
/* End PBXVariantGroup section */

/* Begin XCBuildConfiguration section */
		41ED8D851B922867005FE666 /* Debug */ = {
			isa = XCBuildConfiguration;
			buildSettings = {
				ALWAYS_SEARCH_USER_PATHS = NO;
				CLANG_CXX_LANGUAGE_STANDARD = "gnu++0x";
				CLANG_CXX_LIBRARY = "libc++";
				CLANG_ENABLE_MODULES = YES;
				CLANG_ENABLE_OBJC_ARC = YES;
				CLANG_WARN_BOOL_CONVERSION = YES;
				CLANG_WARN_CONSTANT_CONVERSION = YES;
				CLANG_WARN_DIRECT_OBJC_ISA_USAGE = YES_ERROR;
				CLANG_WARN_EMPTY_BODY = YES;
				CLANG_WARN_ENUM_CONVERSION = YES;
				CLANG_WARN_INT_CONVERSION = YES;
				CLANG_WARN_OBJC_ROOT_CLASS = YES_ERROR;
				CLANG_WARN_UNREACHABLE_CODE = YES;
				CLANG_WARN__DUPLICATE_METHOD_MATCH = YES;
				"CODE_SIGN_IDENTITY[sdk=iphoneos*]" = "iPhone Developer";
				COPY_PHASE_STRIP = NO;
				DEBUG_INFORMATION_FORMAT = "dwarf-with-dsym";
				ENABLE_STRICT_OBJC_MSGSEND = YES;
				GCC_C_LANGUAGE_STANDARD = gnu99;
				GCC_DYNAMIC_NO_PIC = NO;
				GCC_NO_COMMON_BLOCKS = YES;
				GCC_OPTIMIZATION_LEVEL = 0;
				GCC_PREPROCESSOR_DEFINITIONS = (
					"DEBUG=1",
					"$(inherited)",
				);
				GCC_SYMBOLS_PRIVATE_EXTERN = NO;
				GCC_WARN_64_TO_32_BIT_CONVERSION = YES;
				GCC_WARN_ABOUT_RETURN_TYPE = YES_ERROR;
				GCC_WARN_UNDECLARED_SELECTOR = YES;
				GCC_WARN_UNINITIALIZED_AUTOS = YES_AGGRESSIVE;
				GCC_WARN_UNUSED_FUNCTION = YES;
				GCC_WARN_UNUSED_VARIABLE = YES;
				IPHONEOS_DEPLOYMENT_TARGET = 8.4;
				MTL_ENABLE_DEBUG_INFO = YES;
				ONLY_ACTIVE_ARCH = YES;
				SDKROOT = iphoneos;
				TARGETED_DEVICE_FAMILY = "1,2";
			};
			name = Debug;
		};
		41ED8D861B922867005FE666 /* Release */ = {
			isa = XCBuildConfiguration;
			buildSettings = {
				ALWAYS_SEARCH_USER_PATHS = NO;
				CLANG_CXX_LANGUAGE_STANDARD = "gnu++0x";
				CLANG_CXX_LIBRARY = "libc++";
				CLANG_ENABLE_MODULES = YES;
				CLANG_ENABLE_OBJC_ARC = YES;
				CLANG_WARN_BOOL_CONVERSION = YES;
				CLANG_WARN_CONSTANT_CONVERSION = YES;
				CLANG_WARN_DIRECT_OBJC_ISA_USAGE = YES_ERROR;
				CLANG_WARN_EMPTY_BODY = YES;
				CLANG_WARN_ENUM_CONVERSION = YES;
				CLANG_WARN_INT_CONVERSION = YES;
				CLANG_WARN_OBJC_ROOT_CLASS = YES_ERROR;
				CLANG_WARN_UNREACHABLE_CODE = YES;
				CLANG_WARN__DUPLICATE_METHOD_MATCH = YES;
				"CODE_SIGN_IDENTITY[sdk=iphoneos*]" = "iPhone Developer";
				COPY_PHASE_STRIP = NO;
				DEBUG_INFORMATION_FORMAT = "dwarf-with-dsym";
				ENABLE_NS_ASSERTIONS = NO;
				ENABLE_STRICT_OBJC_MSGSEND = YES;
				GCC_C_LANGUAGE_STANDARD = gnu99;
				GCC_NO_COMMON_BLOCKS = YES;
				GCC_WARN_64_TO_32_BIT_CONVERSION = YES;
				GCC_WARN_ABOUT_RETURN_TYPE = YES_ERROR;
				GCC_WARN_UNDECLARED_SELECTOR = YES;
				GCC_WARN_UNINITIALIZED_AUTOS = YES_AGGRESSIVE;
				GCC_WARN_UNUSED_FUNCTION = YES;
				GCC_WARN_UNUSED_VARIABLE = YES;
				IPHONEOS_DEPLOYMENT_TARGET = 8.4;
				MTL_ENABLE_DEBUG_INFO = NO;
				SDKROOT = iphoneos;
				TARGETED_DEVICE_FAMILY = "1,2";
				VALIDATE_PRODUCT = YES;
			};
			name = Release;
		};
		41ED8D881B922867005FE666 /* Debug */ = {
			isa = XCBuildConfiguration;
			buildSettings = {
				ASSETCATALOG_COMPILER_APPICON_NAME = AppIcon;
				INFOPLIST_FILE = NotesApp/Info.plist;
				LD_RUNPATH_SEARCH_PATHS = "$(inherited) @executable_path/Frameworks";
				PRODUCT_NAME = "$(TARGET_NAME)";
			};
			name = Debug;
		};
		41ED8D891B922867005FE666 /* Release */ = {
			isa = XCBuildConfiguration;
			buildSettings = {
				ASSETCATALOG_COMPILER_APPICON_NAME = AppIcon;
				INFOPLIST_FILE = NotesApp/Info.plist;
				LD_RUNPATH_SEARCH_PATHS = "$(inherited) @executable_path/Frameworks";
				PRODUCT_NAME = "$(TARGET_NAME)";
			};
			name = Release;
		};
		41ED8D8B1B922867005FE666 /* Debug */ = {
			isa = XCBuildConfiguration;
			buildSettings = {
				BUNDLE_LOADER = "$(TEST_HOST)";
				FRAMEWORK_SEARCH_PATHS = (
					"$(SDKROOT)/Developer/Library/Frameworks",
					"$(inherited)",
				);
				GCC_PREPROCESSOR_DEFINITIONS = (
					"DEBUG=1",
					"$(inherited)",
				);
				INFOPLIST_FILE = NotesAppTests/Info.plist;
				LD_RUNPATH_SEARCH_PATHS = "$(inherited) @executable_path/Frameworks @loader_path/Frameworks";
				PRODUCT_NAME = "$(TARGET_NAME)";
				TEST_HOST = "$(BUILT_PRODUCTS_DIR)/NotesApp.app/NotesApp";
			};
			name = Debug;
		};
		41ED8D8C1B922867005FE666 /* Release */ = {
			isa = XCBuildConfiguration;
			buildSettings = {
				BUNDLE_LOADER = "$(TEST_HOST)";
				FRAMEWORK_SEARCH_PATHS = (
					"$(SDKROOT)/Developer/Library/Frameworks",
					"$(inherited)",
				);
				INFOPLIST_FILE = NotesAppTests/Info.plist;
				LD_RUNPATH_SEARCH_PATHS = "$(inherited) @executable_path/Frameworks @loader_path/Frameworks";
				PRODUCT_NAME = "$(TARGET_NAME)";
				TEST_HOST = "$(BUILT_PRODUCTS_DIR)/NotesApp.app/NotesApp";
			};
			name = Release;
		};
/* End XCBuildConfiguration section */

/* Begin XCConfigurationList section */
		41ED8D5C1B922866005FE666 /* Build configuration list for PBXProject "NotesApp" */ = {
			isa = XCConfigurationList;
			buildConfigurations = (
				41ED8D851B922867005FE666 /* Debug */,
				41ED8D861B922867005FE666 /* Release */,
			);
			defaultConfigurationIsVisible = 0;
			defaultConfigurationName = Release;
		};
		41ED8D871B922867005FE666 /* Build configuration list for PBXNativeTarget "NotesApp" */ = {
			isa = XCConfigurationList;
			buildConfigurations = (
				41ED8D881B922867005FE666 /* Debug */,
				41ED8D891B922867005FE666 /* Release */,
			);
			defaultConfigurationIsVisible = 0;
		};
		41ED8D8A1B922867005FE666 /* Build configuration list for PBXNativeTarget "NotesAppTests" */ = {
			isa = XCConfigurationList;
			buildConfigurations = (
				41ED8D8B1B922867005FE666 /* Debug */,
				41ED8D8C1B922867005FE666 /* Release */,
			);
			defaultConfigurationIsVisible = 0;
		};
/* End XCConfigurationList section */
	};
	rootObject = 41ED8D591B922866005FE666 /* Project object */;
}
